
Microsoft Visual Studio Solution File, Format Version 12.00
# Visual Studio Version 17
VisualStudioVersion = 17.10.35013.160
MinimumVisualStudioVersion = 10.0.40219.1
Project("{9A19103F-16F7-4668-BE54-9A1E7A4F7556}") = "DealerHub.Console", "DealerHub.Console\DealerHub.Console.csproj", "{64EF349C-708A-48FD-B52C-99EBDE009BD7}"
EndProject
Project("{FAE04EC0-301F-11D3-BF4B-00C04F79EFBC}") = "DealerHub.Domain", "DealerHub.Domain\DealerHub.Domain.csproj", "{3A792239-7394-4C19-AA6B-DA00C1C2D8B6}"
EndProject
Global
	GlobalSection(SolutionConfigurationPlatforms) = preSolution
		Debug|Any CPU = Debug|Any CPU
		Release|Any CPU = Release|Any CPU
	EndGlobalSection
	GlobalSection(ProjectConfigurationPlatforms) = postSolution
		{64EF349C-708A-48FD-B52C-99EBDE009BD7}.Debug|Any CPU.ActiveCfg = Debug|Any CPU
		{64EF349C-708A-48FD-B52C-99EBDE009BD7}.Debug|Any CPU.Build.0 = Debug|Any CPU
		{64EF349C-708A-48FD-B52C-99EBDE009BD7}.Release|Any CPU.ActiveCfg = Release|Any CPU
		{64EF349C-708A-48FD-B52C-99EBDE009BD7}.Release|Any CPU.Build.0 = Release|Any CPU
		{3A792239-7394-4C19-AA6B-DA00C1C2D8B6}.Debug|Any CPU.ActiveCfg = Debug|Any CPU
		{3A792239-7394-4C19-AA6B-DA00C1C2D8B6}.Debug|Any CPU.Build.0 = Debug|Any CPU
		{3A792239-7394-4C19-AA6B-DA00C1C2D8B6}.Release|Any CPU.ActiveCfg = Release|Any CPU
		{3A792239-7394-4C19-AA6B-DA00C1C2D8B6}.Release|Any CPU.Build.0 = Release|Any CPU
	EndGlobalSection
	GlobalSection(SolutionProperties) = preSolution
		HideSolutionNode = FALSE
	EndGlobalSection
	GlobalSection(ExtensibilityGlobals) = postSolution
		SolutionGuid = {FFFA4121-2C5D-4343-BBCC-5C2C1893E597}
	EndGlobalSection
EndGlobal
